
Microsoft Visual Studio Solution File, Format Version 12.00
# Visual Studio Version 17
VisualStudioVersion = 17.7.34031.279
MinimumVisualStudioVersion = 10.0.40219.1
Project("{FAE04EC0-301F-11D3-BF4B-00C04F79EFBC}") = "Movies CRUD_MVC", "Movies CRUD_MVC\Movies CRUD_MVC.csproj", "{F7A1D65C-6865-473C-B05C-3C4D4B8F039B}"
EndProject
Global
	GlobalSection(SolutionConfigurationPlatforms) = preSolution
		Debug|Any CPU = Debug|Any CPU
		Release|Any CPU = Release|Any CPU
	EndGlobalSection
	GlobalSection(ProjectConfigurationPlatforms) = postSolution
		{F7A1D65C-6865-473C-B05C-3C4D4B8F039B}.Debug|Any CPU.ActiveCfg = Debug|Any CPU
		{F7A1D65C-6865-473C-B05C-3C4D4B8F039B}.Debug|Any CPU.Build.0 = Debug|Any CPU
		{F7A1D65C-6865-473C-B05C-3C4D4B8F039B}.Release|Any CPU.ActiveCfg = Release|Any CPU
		{F7A1D65C-6865-473C-B05C-3C4D4B8F039B}.Release|Any CPU.Build.0 = Release|Any CPU
	EndGlobalSection
	GlobalSection(SolutionProperties) = preSolution
		HideSolutionNode = FALSE
	EndGlobalSection
	GlobalSection(ExtensibilityGlobals) = postSolution
		SolutionGuid = {F847D1A4-28CF-4EA6-A85A-AD79CCD287B2}
	EndGlobalSection
EndGlobal
